// !$*UTF8*$!
{
	archiveVersion = 1;
	classes = {
	};
	objectVersion = 55;
	objects = {

/* Begin PBXBuildFile section */
		5D35955D2A0FCC2B0093C89D /* TimelessWalletApp.swift in Sources */ = {isa = PBXBuildFile; fileRef = 5D35955C2A0FCC2B0093C89D /* TimelessWalletApp.swift */; };
		5D35955F2A0FCCB60093C89D /* OnboardingSplashScreenView.swift in Sources */ = {isa = PBXBuildFile; fileRef = 5D35955E2A0FCCB60093C89D /* OnboardingSplashScreenView.swift */; };
		5D3595662A0FDD5F0093C89D /* SignUpView.swift in Sources */ = {isa = PBXBuildFile; fileRef = 5D3595652A0FDD5F0093C89D /* SignUpView.swift */; };
		5D3595692A0FF6AD0093C89D /* Lottie in Frameworks */ = {isa = PBXBuildFile; productRef = 5D3595682A0FF6AD0093C89D /* Lottie */; };
		5D35956B2A0FF6FF0093C89D /* circle-loading.json in Resources */ = {isa = PBXBuildFile; fileRef = 5D35956A2A0FF6FF0093C89D /* circle-loading.json */; };
		5D5B27B82A12922500EA6BC9 /* SettingsView.swift in Sources */ = {isa = PBXBuildFile; fileRef = 5D5B27B72A12922500EA6BC9 /* SettingsView.swift */; };
		5D5DEA862A262E67000C0019 /* SkeletonView in Frameworks */ = {isa = PBXBuildFile; productRef = 5D5DEA852A262E67000C0019 /* SkeletonView */; };
		5D5DEA892A263257000C0019 /* SkeletonUI in Frameworks */ = {isa = PBXBuildFile; productRef = 5D5DEA882A263257000C0019 /* SkeletonUI */; };
		5D5DEA8B2A2632E6000C0019 /* Skeleton.swift in Sources */ = {isa = PBXBuildFile; fileRef = 5D5DEA8A2A2632E6000C0019 /* Skeleton.swift */; };
		5D5E4C942A0E923700290672 /* Phosphate.ttc in Resources */ = {isa = PBXBuildFile; fileRef = 5D71B7DC2A0B90A700BE8DA7 /* Phosphate.ttc */; };
		5D71B7D72A0B8E6F00BE8DA7 /* SFProDisplay-Bold.ttf in Resources */ = {isa = PBXBuildFile; fileRef = 8E984FC32A0B5830007EE865 /* SFProDisplay-Bold.ttf */; };
		5D74C3412A27183C0026A70F /* NFCReader.swift in Sources */ = {isa = PBXBuildFile; fileRef = 5D74C3402A27183C0026A70F /* NFCReader.swift */; };
		5D7D881D2A21DD4E002EB03D /* WalletActivities.swift in Sources */ = {isa = PBXBuildFile; fileRef = 5D7D881C2A21DD4E002EB03D /* WalletActivities.swift */; };
		5D7E35AF2A0A84C700AB3BE9 /* ChinChinApp.swift in Sources */ = {isa = PBXBuildFile; fileRef = 5D7E35AE2A0A84C700AB3BE9 /* ChinChinApp.swift */; };
		5D7E35B32A0A84CB00AB3BE9 /* Assets.xcassets in Resources */ = {isa = PBXBuildFile; fileRef = 5D7E35B22A0A84CB00AB3BE9 /* Assets.xcassets */; };
		5D7E35B62A0A84CB00AB3BE9 /* Preview Assets.xcassets in Resources */ = {isa = PBXBuildFile; fileRef = 5D7E35B52A0A84CB00AB3BE9 /* Preview Assets.xcassets */; };
		5D7E35BD2A0A8B7200AB3BE9 /* SwiftUIView.swift in Sources */ = {isa = PBXBuildFile; fileRef = 5D7E35BC2A0A8B7200AB3BE9 /* SwiftUIView.swift */; };
		5D7E929F2A10BA7600069E06 /* confirmation-loading.json in Resources */ = {isa = PBXBuildFile; fileRef = 5D7E929E2A10BA7600069E06 /* confirmation-loading.json */; };
		5D7E92A22A10BE3600069E06 /* WelcomView.swift in Sources */ = {isa = PBXBuildFile; fileRef = 5D7E92A12A10BE3600069E06 /* WelcomView.swift */; };
		5D7E92A92A10DBE100069E06 /* Snappable in Frameworks */ = {isa = PBXBuildFile; productRef = 5D7E92A82A10DBE100069E06 /* Snappable */; };
		5D7E92AC2A10E03E00069E06 /* CollectionViewPagingLayout in Frameworks */ = {isa = PBXBuildFile; productRef = 5D7E92AB2A10E03E00069E06 /* CollectionViewPagingLayout */; };
		5D7E92AF2A10EAC700069E06 /* WalletView.swift in Sources */ = {isa = PBXBuildFile; fileRef = 5D7E92AE2A10EAC700069E06 /* WalletView.swift */; };
		5D887F342A247D81004CC7C9 /* ProfileView2.swift in Sources */ = {isa = PBXBuildFile; fileRef = 5D887F332A247D81004CC7C9 /* ProfileView2.swift */; };
		5D8EF6A12A1124630000B894 /* DiscoverView.swift in Sources */ = {isa = PBXBuildFile; fileRef = 5D8EF6A02A1124630000B894 /* DiscoverView.swift */; };
		5D8EF6A32A1125900000B894 /* NavigationBar.swift in Sources */ = {isa = PBXBuildFile; fileRef = 5D8EF6A22A1125900000B894 /* NavigationBar.swift */; };
		5D8EF6A52A1131ED0000B894 /* TimelessOGView.swift in Sources */ = {isa = PBXBuildFile; fileRef = 5D8EF6A42A1131ED0000B894 /* TimelessOGView.swift */; };
		8E0611D02A11D13500AE7B20 /* splash (video-converter.com).mp4 in Resources */ = {isa = PBXBuildFile; fileRef = 8E0611CF2A11D13500AE7B20 /* splash (video-converter.com).mp4 */; };
		8E0611D22A11D1CE00AE7B20 /* walkthroughIntro (video-converter.com).mp4 in Resources */ = {isa = PBXBuildFile; fileRef = 8E0611D12A11D1CE00AE7B20 /* walkthroughIntro (video-converter.com).mp4 */; };
		8E0611D42A11D62400AE7B20 /* Discover.json in Resources */ = {isa = PBXBuildFile; fileRef = 8E0611D32A11D62400AE7B20 /* Discover.json */; };
		8E0611D62A11D6B300AE7B20 /* overViewLottie.json in Resources */ = {isa = PBXBuildFile; fileRef = 8E0611D52A11D6B300AE7B20 /* overViewLottie.json */; };
		8E0611D82A11D7C000AE7B20 /* 77631-bee-lounging.mp4 in Resources */ = {isa = PBXBuildFile; fileRef = 8E0611D72A11D7C000AE7B20 /* 77631-bee-lounging.mp4 */; };
		8E1A476A2A24584B00785C54 /* SFProText-Medium.ttf in Resources */ = {isa = PBXBuildFile; fileRef = 8E1A47692A24584B00785C54 /* SFProText-Medium.ttf */; };
		8E1A476C2A2459DF00785C54 /* SFProDisplay-Heavy.ttf in Resources */ = {isa = PBXBuildFile; fileRef = 8E1A476B2A2459DF00785C54 /* SFProDisplay-Heavy.ttf */; };
		8E1A476E2A2459E700785C54 /* SFProDisplay-Regular.ttf in Resources */ = {isa = PBXBuildFile; fileRef = 8E1A476D2A2459E700785C54 /* SFProDisplay-Regular.ttf */; };
		8E1A47702A245A0900785C54 /* SFProText-Semibold.ttf in Resources */ = {isa = PBXBuildFile; fileRef = 8E1A476F2A245A0900785C54 /* SFProText-Semibold.ttf */; };
		8E984FBA2A0B4D18007EE865 /* dna3_dance.mp4 in Resources */ = {isa = PBXBuildFile; fileRef = 8E984FB92A0B4D00007EE865 /* dna3_dance.mp4 */; };
		8E984FC72A0B8456007EE865 /* giphy360p.mp4 in Resources */ = {isa = PBXBuildFile; fileRef = 8E984FC92A0B8456007EE865 /* giphy360p.mp4 */; };
		8EC9DA752A1DB08B00C99083 /* TimelessOGNFT (video-converter.com).mp4 in Resources */ = {isa = PBXBuildFile; fileRef = 8EC9DA742A1DB08B00C99083 /* TimelessOGNFT (video-converter.com).mp4 */; };
		8EC9DA782A1EFC8B00C99083 /* ProfileView.swift in Sources */ = {isa = PBXBuildFile; fileRef = 8EC9DA772A1EFC8B00C99083 /* ProfileView.swift */; };
		8EC9DA7A2A1EFD5400C99083 /* Bitmap.png in Resources */ = {isa = PBXBuildFile; fileRef = 8EC9DA792A1EFD5400C99083 /* Bitmap.png */; };
		8EC9DA7C2A1EFD5B00C99083 /* Bitmap2.png in Resources */ = {isa = PBXBuildFile; fileRef = 8EC9DA7B2A1EFD5B00C99083 /* Bitmap2.png */; };
		8EC9DA7E2A1F002900C99083 /* cat.png in Resources */ = {isa = PBXBuildFile; fileRef = 8EC9DA7D2A1F002800C99083 /* cat.png */; };
		8EC9DA802A1F002F00C99083 /* snow.png in Resources */ = {isa = PBXBuildFile; fileRef = 8EC9DA7F2A1F002F00C99083 /* snow.png */; };
		8EC9DA822A1F017800C99083 /* protect.png in Resources */ = {isa = PBXBuildFile; fileRef = 8EC9DA812A1F017800C99083 /* protect.png */; };
		8EC9DA842A1F01B900C99083 /* Group1.png in Resources */ = {isa = PBXBuildFile; fileRef = 8EC9DA832A1F01B900C99083 /* Group1.png */; };
		8EC9DA862A1F478F00C99083 /* SFProDisplay-Black.ttf in Resources */ = {isa = PBXBuildFile; fileRef = 8EC9DA852A1F478F00C99083 /* SFProDisplay-Black.ttf */; };
/* End PBXBuildFile section */

/* Begin PBXFileReference section */
		5D35955C2A0FCC2B0093C89D /* TimelessWalletApp.swift */ = {isa = PBXFileReference; lastKnownFileType = sourcecode.swift; path = TimelessWalletApp.swift; sourceTree = "<group>"; };
		5D35955E2A0FCCB60093C89D /* OnboardingSplashScreenView.swift */ = {isa = PBXFileReference; lastKnownFileType = sourcecode.swift; path = OnboardingSplashScreenView.swift; sourceTree = "<group>"; };
		5D3595652A0FDD5F0093C89D /* SignUpView.swift */ = {isa = PBXFileReference; lastKnownFileType = sourcecode.swift; path = SignUpView.swift; sourceTree = "<group>"; };
		5D35956A2A0FF6FF0093C89D /* circle-loading.json */ = {isa = PBXFileReference; fileEncoding = 4; lastKnownFileType = text.json; path = "circle-loading.json"; sourceTree = "<group>"; };
		5D5B27B72A12922500EA6BC9 /* SettingsView.swift */ = {isa = PBXFileReference; lastKnownFileType = sourcecode.swift; path = SettingsView.swift; sourceTree = "<group>"; };
		5D5DEA8A2A2632E6000C0019 /* Skeleton.swift */ = {isa = PBXFileReference; lastKnownFileType = sourcecode.swift; path = Skeleton.swift; sourceTree = "<group>"; };
		5D71B7DC2A0B90A700BE8DA7 /* Phosphate.ttc */ = {isa = PBXFileReference; lastKnownFileType = file; path = Phosphate.ttc; sourceTree = "<group>"; };
		5D74C3402A27183C0026A70F /* NFCReader.swift */ = {isa = PBXFileReference; lastKnownFileType = sourcecode.swift; path = NFCReader.swift; sourceTree = "<group>"; };
		5D7D881C2A21DD4E002EB03D /* WalletActivities.swift */ = {isa = PBXFileReference; lastKnownFileType = sourcecode.swift; path = WalletActivities.swift; sourceTree = "<group>"; };
		5D7E35AB2A0A84C700AB3BE9 /* ChinChin.app */ = {isa = PBXFileReference; explicitFileType = wrapper.application; includeInIndex = 0; path = ChinChin.app; sourceTree = BUILT_PRODUCTS_DIR; };
		5D7E35AE2A0A84C700AB3BE9 /* ChinChinApp.swift */ = {isa = PBXFileReference; lastKnownFileType = sourcecode.swift; path = ChinChinApp.swift; sourceTree = "<group>"; };
		5D7E35B22A0A84CB00AB3BE9 /* Assets.xcassets */ = {isa = PBXFileReference; lastKnownFileType = folder.assetcatalog; path = Assets.xcassets; sourceTree = "<group>"; };
		5D7E35B52A0A84CB00AB3BE9 /* Preview Assets.xcassets */ = {isa = PBXFileReference; lastKnownFileType = folder.assetcatalog; path = "Preview Assets.xcassets"; sourceTree = "<group>"; };
		5D7E35BC2A0A8B7200AB3BE9 /* SwiftUIView.swift */ = {isa = PBXFileReference; lastKnownFileType = sourcecode.swift; path = SwiftUIView.swift; sourceTree = "<group>"; };
		5D7E929E2A10BA7600069E06 /* confirmation-loading.json */ = {isa = PBXFileReference; fileEncoding = 4; lastKnownFileType = text.json; path = "confirmation-loading.json"; sourceTree = "<group>"; };
		5D7E92A12A10BE3600069E06 /* WelcomView.swift */ = {isa = PBXFileReference; lastKnownFileType = sourcecode.swift; path = WelcomView.swift; sourceTree = "<group>"; };
		5D7E92AE2A10EAC700069E06 /* WalletView.swift */ = {isa = PBXFileReference; lastKnownFileType = sourcecode.swift; path = WalletView.swift; sourceTree = "<group>"; };
		5D887F332A247D81004CC7C9 /* ProfileView2.swift */ = {isa = PBXFileReference; lastKnownFileType = sourcecode.swift; path = ProfileView2.swift; sourceTree = "<group>"; };
		5D8EF6A02A1124630000B894 /* DiscoverView.swift */ = {isa = PBXFileReference; lastKnownFileType = sourcecode.swift; path = DiscoverView.swift; sourceTree = "<group>"; };
		5D8EF6A22A1125900000B894 /* NavigationBar.swift */ = {isa = PBXFileReference; lastKnownFileType = sourcecode.swift; path = NavigationBar.swift; sourceTree = "<group>"; };
		5D8EF6A42A1131ED0000B894 /* TimelessOGView.swift */ = {isa = PBXFileReference; lastKnownFileType = sourcecode.swift; path = TimelessOGView.swift; sourceTree = "<group>"; };
		8E0611CF2A11D13500AE7B20 /* splash (video-converter.com).mp4 */ = {isa = PBXFileReference; lastKnownFileType = file; path = "splash (video-converter.com).mp4"; sourceTree = "<group>"; };
		8E0611D12A11D1CE00AE7B20 /* walkthroughIntro (video-converter.com).mp4 */ = {isa = PBXFileReference; lastKnownFileType = file; path = "walkthroughIntro (video-converter.com).mp4"; sourceTree = "<group>"; };
		8E0611D32A11D62400AE7B20 /* Discover.json */ = {isa = PBXFileReference; fileEncoding = 4; lastKnownFileType = text.json; path = Discover.json; sourceTree = "<group>"; };
		8E0611D52A11D6B300AE7B20 /* overViewLottie.json */ = {isa = PBXFileReference; fileEncoding = 4; lastKnownFileType = text.json; path = overViewLottie.json; sourceTree = "<group>"; };
		8E0611D72A11D7C000AE7B20 /* 77631-bee-lounging.mp4 */ = {isa = PBXFileReference; lastKnownFileType = file; path = "77631-bee-lounging.mp4"; sourceTree = "<group>"; };
		8E1A47692A24584B00785C54 /* SFProText-Medium.ttf */ = {isa = PBXFileReference; lastKnownFileType = file; name = "SFProText-Medium.ttf"; path = "../../../../timeless-wallet/Timeless-wallet/Resources/Fonts/SFProText-Medium.ttf"; sourceTree = "<group>"; };
		8E1A476B2A2459DF00785C54 /* SFProDisplay-Heavy.ttf */ = {isa = PBXFileReference; lastKnownFileType = file; path = "SFProDisplay-Heavy.ttf"; sourceTree = "<group>"; };
		8E1A476D2A2459E700785C54 /* SFProDisplay-Regular.ttf */ = {isa = PBXFileReference; lastKnownFileType = file; path = "SFProDisplay-Regular.ttf"; sourceTree = "<group>"; };
		8E1A476F2A245A0900785C54 /* SFProText-Semibold.ttf */ = {isa = PBXFileReference; lastKnownFileType = file; path = "SFProText-Semibold.ttf"; sourceTree = "<group>"; };
		8E984FB92A0B4D00007EE865 /* dna3_dance.mp4 */ = {isa = PBXFileReference; lastKnownFileType = file; path = dna3_dance.mp4; sourceTree = "<group>"; };
		8E984FC32A0B5830007EE865 /* SFProDisplay-Bold.ttf */ = {isa = PBXFileReference; lastKnownFileType = file; path = "SFProDisplay-Bold.ttf"; sourceTree = "<group>"; };
		8E984FC42A0B58C1007EE865 /* Info.plist */ = {isa = PBXFileReference; lastKnownFileType = text.plist; path = Info.plist; sourceTree = "<group>"; };
		8E984FC82A0B8456007EE865 /* Base */ = {isa = PBXFileReference; lastKnownFileType = file; name = Base; path = Base.lproj/giphy360p.mp4; sourceTree = "<group>"; };
		8E984FCA2A0B84B9007EE865 /* en */ = {isa = PBXFileReference; lastKnownFileType = file; name = en; path = en.lproj/giphy360p.mp4; sourceTree = "<group>"; };
		8EC9DA742A1DB08B00C99083 /* TimelessOGNFT (video-converter.com).mp4 */ = {isa = PBXFileReference; lastKnownFileType = file; path = "TimelessOGNFT (video-converter.com).mp4"; sourceTree = "<group>"; };
		8EC9DA772A1EFC8B00C99083 /* ProfileView.swift */ = {isa = PBXFileReference; lastKnownFileType = sourcecode.swift; path = ProfileView.swift; sourceTree = "<group>"; };
		8EC9DA792A1EFD5400C99083 /* Bitmap.png */ = {isa = PBXFileReference; lastKnownFileType = image.png; path = Bitmap.png; sourceTree = "<group>"; };
		8EC9DA7B2A1EFD5B00C99083 /* Bitmap2.png */ = {isa = PBXFileReference; lastKnownFileType = image.png; path = Bitmap2.png; sourceTree = "<group>"; };
		8EC9DA7D2A1F002800C99083 /* cat.png */ = {isa = PBXFileReference; lastKnownFileType = image.png; path = cat.png; sourceTree = "<group>"; };
		8EC9DA7F2A1F002F00C99083 /* snow.png */ = {isa = PBXFileReference; lastKnownFileType = image.png; path = snow.png; sourceTree = "<group>"; };
		8EC9DA812A1F017800C99083 /* protect.png */ = {isa = PBXFileReference; lastKnownFileType = image.png; path = protect.png; sourceTree = "<group>"; };
		8EC9DA832A1F01B900C99083 /* Group1.png */ = {isa = PBXFileReference; lastKnownFileType = image.png; path = Group1.png; sourceTree = "<group>"; };
		8EC9DA852A1F478F00C99083 /* SFProDisplay-Black.ttf */ = {isa = PBXFileReference; lastKnownFileType = file; path = "SFProDisplay-Black.ttf"; sourceTree = "<group>"; };
/* End PBXFileReference section */

/* Begin PBXFrameworksBuildPhase section */
		5D7E35A82A0A84C700AB3BE9 /* Frameworks */ = {
			isa = PBXFrameworksBuildPhase;
			buildActionMask = 2147483647;
			files = (
				5D5DEA892A263257000C0019 /* SkeletonUI in Frameworks */,
				5D5DEA862A262E67000C0019 /* SkeletonView in Frameworks */,
				5D3595692A0FF6AD0093C89D /* Lottie in Frameworks */,
				5D7E92A92A10DBE100069E06 /* Snappable in Frameworks */,
				5D7E92AC2A10E03E00069E06 /* CollectionViewPagingLayout in Frameworks */,
			);
			runOnlyForDeploymentPostprocessing = 0;
		};
/* End PBXFrameworksBuildPhase section */

/* Begin PBXGroup section */
		5D3595582A0FCB590093C89D /* Video */ = {
			isa = PBXGroup;
			children = (
				8EC9DA742A1DB08B00C99083 /* TimelessOGNFT (video-converter.com).mp4 */,
				8E0611D72A11D7C000AE7B20 /* 77631-bee-lounging.mp4 */,
				8E0611D12A11D1CE00AE7B20 /* walkthroughIntro (video-converter.com).mp4 */,
				8E0611CF2A11D13500AE7B20 /* splash (video-converter.com).mp4 */,
				8E984FB92A0B4D00007EE865 /* dna3_dance.mp4 */,
				8E984FC92A0B8456007EE865 /* giphy360p.mp4 */,
			);
			path = Video;
			sourceTree = "<group>";
		};
		5D35955A2A0FCB7C0093C89D /* Fonts */ = {
			isa = PBXGroup;
			children = (
				8E1A476F2A245A0900785C54 /* SFProText-Semibold.ttf */,
				8E1A476D2A2459E700785C54 /* SFProDisplay-Regular.ttf */,
				8E1A476B2A2459DF00785C54 /* SFProDisplay-Heavy.ttf */,
				8E1A47692A24584B00785C54 /* SFProText-Medium.ttf */,
				8EC9DA852A1F478F00C99083 /* SFProDisplay-Black.ttf */,
				8E984FC32A0B5830007EE865 /* SFProDisplay-Bold.ttf */,
				5D71B7DC2A0B90A700BE8DA7 /* Phosphate.ttc */,
			);
			path = Fonts;
			sourceTree = "<group>";
		};
		5D35955B2A0FCB950093C89D /* Resources */ = {
			isa = PBXGroup;
			children = (
				5D35956D2A0FF7230093C89D /* Lottie */,
				5D35955A2A0FCB7C0093C89D /* Fonts */,
				5D3595582A0FCB590093C89D /* Video */,
			);
			path = Resources;
			sourceTree = "<group>";
		};
		5D3595612A0FCDBD0093C89D /* App */ = {
			isa = PBXGroup;
			children = (
				5D35955C2A0FCC2B0093C89D /* TimelessWalletApp.swift */,
			);
			path = App;
			sourceTree = "<group>";
		};
		5D3595622A0FCDDE0093C89D /* Scenes */ = {
			isa = PBXGroup;
			children = (
				8EC9DA762A1EFC7200C99083 /* Profile */,
				5D5B27B62A12920400EA6BC9 /* Settings */,
				5D8EF69F2A1124490000B894 /* Discover */,
				5D7E92AD2A10EAB600069E06 /* Wallet */,
				5D7E92A02A10BE2100069E06 /* Welcom */,
				5D3595642A0FDD450093C89D /* SignUp */,
				5D3595632A0FDD2B0093C89D /* OnboardingSplash */,
			);
			path = Scenes;
			sourceTree = "<group>";
		};
		5D3595632A0FDD2B0093C89D /* OnboardingSplash */ = {
			isa = PBXGroup;
			children = (
				5D35955E2A0FCCB60093C89D /* OnboardingSplashScreenView.swift */,
			);
			path = OnboardingSplash;
			sourceTree = "<group>";
		};
		5D3595642A0FDD450093C89D /* SignUp */ = {
			isa = PBXGroup;
			children = (
				5D3595652A0FDD5F0093C89D /* SignUpView.swift */,
			);
			path = SignUp;
			sourceTree = "<group>";
		};
		5D35956D2A0FF7230093C89D /* Lottie */ = {
			isa = PBXGroup;
			children = (
				8E0611D52A11D6B300AE7B20 /* overViewLottie.json */,
				8E0611D32A11D62400AE7B20 /* Discover.json */,
				5D7E929E2A10BA7600069E06 /* confirmation-loading.json */,
				5D35956A2A0FF6FF0093C89D /* circle-loading.json */,
			);
			path = Lottie;
			sourceTree = "<group>";
		};
		5D5B27B62A12920400EA6BC9 /* Settings */ = {
			isa = PBXGroup;
			children = (
				5D5B27B72A12922500EA6BC9 /* SettingsView.swift */,
			);
			path = Settings;
			sourceTree = "<group>";
		};
		5D7E35A22A0A84C700AB3BE9 = {
			isa = PBXGroup;
			children = (
				5D7E35AD2A0A84C700AB3BE9 /* ChinChin */,
				5D7E35AC2A0A84C700AB3BE9 /* Products */,
			);
			sourceTree = "<group>";
		};
		5D7E35AC2A0A84C700AB3BE9 /* Products */ = {
			isa = PBXGroup;
			children = (
				5D7E35AB2A0A84C700AB3BE9 /* ChinChin.app */,
			);
			name = Products;
			sourceTree = "<group>";
		};
		5D7E35AD2A0A84C700AB3BE9 /* ChinChin */ = {
			isa = PBXGroup;
			children = (
				5D3595622A0FCDDE0093C89D /* Scenes */,
				5D3595612A0FCDBD0093C89D /* App */,
				5D35955B2A0FCB950093C89D /* Resources */,
				8E984FC42A0B58C1007EE865 /* Info.plist */,
				5D7E35AE2A0A84C700AB3BE9 /* ChinChinApp.swift */,
				5D7E35B22A0A84CB00AB3BE9 /* Assets.xcassets */,
				8EC9DA832A1F01B900C99083 /* Group1.png */,
				8EC9DA812A1F017800C99083 /* protect.png */,
				8EC9DA7F2A1F002F00C99083 /* snow.png */,
				8EC9DA7D2A1F002800C99083 /* cat.png */,
				8EC9DA7B2A1EFD5B00C99083 /* Bitmap2.png */,
				8EC9DA792A1EFD5400C99083 /* Bitmap.png */,
				5D7E35B42A0A84CB00AB3BE9 /* Preview Content */,
				5D7E35BC2A0A8B7200AB3BE9 /* SwiftUIView.swift */,
			);
			path = ChinChin;
			sourceTree = "<group>";
		};
		5D7E35B42A0A84CB00AB3BE9 /* Preview Content */ = {
			isa = PBXGroup;
			children = (
				5D7E35B52A0A84CB00AB3BE9 /* Preview Assets.xcassets */,
			);
			path = "Preview Content";
			sourceTree = "<group>";
		};
		5D7E92A02A10BE2100069E06 /* Welcom */ = {
			isa = PBXGroup;
			children = (
				5D7E92A12A10BE3600069E06 /* WelcomView.swift */,
			);
			path = Welcom;
			sourceTree = "<group>";
		};
		5D7E92AD2A10EAB600069E06 /* Wallet */ = {
			isa = PBXGroup;
			children = (
				5D7E92AE2A10EAC700069E06 /* WalletView.swift */,
			);
			path = Wallet;
			sourceTree = "<group>";
		};
		5D8EF69F2A1124490000B894 /* Discover */ = {
			isa = PBXGroup;
			children = (
				5D8EF6A02A1124630000B894 /* DiscoverView.swift */,
				5D8EF6A22A1125900000B894 /* NavigationBar.swift */,
				5D8EF6A42A1131ED0000B894 /* TimelessOGView.swift */,
			);
			path = Discover;
			sourceTree = "<group>";
		};
		8EC9DA762A1EFC7200C99083 /* Profile */ = {
			isa = PBXGroup;
			children = (
				8EC9DA772A1EFC8B00C99083 /* ProfileView.swift */,
				5D7D881C2A21DD4E002EB03D /* WalletActivities.swift */,
				5D887F332A247D81004CC7C9 /* ProfileView2.swift */,
				5D5DEA8A2A2632E6000C0019 /* Skeleton.swift */,
				5D74C3402A27183C0026A70F /* NFCReader.swift */,
			);
			path = Profile;
			sourceTree = "<group>";
		};
/* End PBXGroup section */

/* Begin PBXNativeTarget section */
		5D7E35AA2A0A84C700AB3BE9 /* ChinChin */ = {
			isa = PBXNativeTarget;
			buildConfigurationList = 5D7E35B92A0A84CB00AB3BE9 /* Build configuration list for PBXNativeTarget "ChinChin" */;
			buildPhases = (
				5D7E35A72A0A84C700AB3BE9 /* Sources */,
				5D7E35A82A0A84C700AB3BE9 /* Frameworks */,
				5D7E35A92A0A84C700AB3BE9 /* Resources */,
				8E0611D92A120F1D00AE7B20 /* ShellScript */,
			);
			buildRules = (
			);
			dependencies = (
			);
			name = ChinChin;
			packageProductDependencies = (
				5D3595682A0FF6AD0093C89D /* Lottie */,
				5D7E92A82A10DBE100069E06 /* Snappable */,
				5D7E92AB2A10E03E00069E06 /* CollectionViewPagingLayout */,
				5D5DEA852A262E67000C0019 /* SkeletonView */,
				5D5DEA882A263257000C0019 /* SkeletonUI */,
			);
			productName = ChinChin;
			productReference = 5D7E35AB2A0A84C700AB3BE9 /* ChinChin.app */;
			productType = "com.apple.product-type.application";
		};
/* End PBXNativeTarget section */

/* Begin PBXProject section */
		5D7E35A32A0A84C700AB3BE9 /* Project object */ = {
			isa = PBXProject;
			attributes = {
				BuildIndependentTargetsInParallel = 1;
				KnownAssetTags = (
					New,
				);
				LastSwiftUpdateCheck = 1340;
				LastUpgradeCheck = 1340;
				TargetAttributes = {
					5D7E35AA2A0A84C700AB3BE9 = {
						CreatedOnToolsVersion = 13.4.1;
					};
				};
			};
			buildConfigurationList = 5D7E35A62A0A84C700AB3BE9 /* Build configuration list for PBXProject "ChinChin" */;
			compatibilityVersion = "Xcode 13.0";
			developmentRegion = en;
			hasScannedForEncodings = 0;
			knownRegions = (
				en,
				Base,
			);
			mainGroup = 5D7E35A22A0A84C700AB3BE9;
			packageReferences = (
				5D3595672A0FF6AD0093C89D /* XCRemoteSwiftPackageReference "lottie-ios" */,
				5D7E92A72A10DBE100069E06 /* XCRemoteSwiftPackageReference "Snappable" */,
				5D7E92AA2A10E03E00069E06 /* XCRemoteSwiftPackageReference "CollectionViewPagingLayout" */,
				5D5DEA842A262E67000C0019 /* XCRemoteSwiftPackageReference "SkeletonView" */,
				5D5DEA872A263257000C0019 /* XCRemoteSwiftPackageReference "SkeletonUI" */,
			);
			productRefGroup = 5D7E35AC2A0A84C700AB3BE9 /* Products */;
			projectDirPath = "";
			projectRoot = "";
			targets = (
				5D7E35AA2A0A84C700AB3BE9 /* ChinChin */,
			);
		};
/* End PBXProject section */

/* Begin PBXResourcesBuildPhase section */
		5D7E35A92A0A84C700AB3BE9 /* Resources */ = {
			isa = PBXResourcesBuildPhase;
			buildActionMask = 2147483647;
			files = (
				8E0611D82A11D7C000AE7B20 /* 77631-bee-lounging.mp4 in Resources */,
				5D5E4C942A0E923700290672 /* Phosphate.ttc in Resources */,
				8EC9DA802A1F002F00C99083 /* snow.png in Resources */,
				8E1A476E2A2459E700785C54 /* SFProDisplay-Regular.ttf in Resources */,
				8EC9DA842A1F01B900C99083 /* Group1.png in Resources */,
				8E0611D22A11D1CE00AE7B20 /* walkthroughIntro (video-converter.com).mp4 in Resources */,
				5D7E929F2A10BA7600069E06 /* confirmation-loading.json in Resources */,
				8E0611D62A11D6B300AE7B20 /* overViewLottie.json in Resources */,
				8E1A476A2A24584B00785C54 /* SFProText-Medium.ttf in Resources */,
				5D71B7D72A0B8E6F00BE8DA7 /* SFProDisplay-Bold.ttf in Resources */,
				8E984FBA2A0B4D18007EE865 /* dna3_dance.mp4 in Resources */,
				5D35956B2A0FF6FF0093C89D /* circle-loading.json in Resources */,
				8E0611D42A11D62400AE7B20 /* Discover.json in Resources */,
				8E1A476C2A2459DF00785C54 /* SFProDisplay-Heavy.ttf in Resources */,
				8E0611D02A11D13500AE7B20 /* splash (video-converter.com).mp4 in Resources */,
				5D7E35B62A0A84CB00AB3BE9 /* Preview Assets.xcassets in Resources */,
				8EC9DA7A2A1EFD5400C99083 /* Bitmap.png in Resources */,
				8E984FC72A0B8456007EE865 /* giphy360p.mp4 in Resources */,
				8E1A47702A245A0900785C54 /* SFProText-Semibold.ttf in Resources */,
				8EC9DA7C2A1EFD5B00C99083 /* Bitmap2.png in Resources */,
				8EC9DA822A1F017800C99083 /* protect.png in Resources */,
				8EC9DA862A1F478F00C99083 /* SFProDisplay-Black.ttf in Resources */,
				8EC9DA7E2A1F002900C99083 /* cat.png in Resources */,
				8EC9DA752A1DB08B00C99083 /* TimelessOGNFT (video-converter.com).mp4 in Resources */,
				5D7E35B32A0A84CB00AB3BE9 /* Assets.xcassets in Resources */,
			);
			runOnlyForDeploymentPostprocessing = 0;
		};
/* End PBXResourcesBuildPhase section */

/* Begin PBXShellScriptBuildPhase section */
		8E0611D92A120F1D00AE7B20 /* ShellScript */ = {
			isa = PBXShellScriptBuildPhase;
			buildActionMask = 2147483647;
			files = (
			);
			inputFileListPaths = (
			);
			inputPaths = (
			);
			outputFileListPaths = (
			);
			outputPaths = (
			);
			runOnlyForDeploymentPostprocessing = 0;
			shellPath = /bin/sh;
			shellScript = "if [[ \"$(uname -m)\" == arm64 ]]; then\n    export PATH=\"/opt/homebrew/bin:$PATH\"\nfi\n\nif which swiftlint > /dev/null; then\n  swiftlint\nelse\n  echo \"warning: SwiftLint not installed, download from https://github.com/realm/SwiftLint\"\nfi\n";
		};
/* End PBXShellScriptBuildPhase section */

/* Begin PBXSourcesBuildPhase section */
		5D7E35A72A0A84C700AB3BE9 /* Sources */ = {
			isa = PBXSourcesBuildPhase;
			buildActionMask = 2147483647;
			files = (
				5D35955D2A0FCC2B0093C89D /* TimelessWalletApp.swift in Sources */,
				5D8EF6A52A1131ED0000B894 /* TimelessOGView.swift in Sources */,
				5D7E92AF2A10EAC700069E06 /* WalletView.swift in Sources */,
				5D35955F2A0FCCB60093C89D /* OnboardingSplashScreenView.swift in Sources */,
				5D74C3412A27183C0026A70F /* NFCReader.swift in Sources */,
				8EC9DA782A1EFC8B00C99083 /* ProfileView.swift in Sources */,
				5D3595662A0FDD5F0093C89D /* SignUpView.swift in Sources */,
				5D5DEA8B2A2632E6000C0019 /* Skeleton.swift in Sources */,
				5D8EF6A32A1125900000B894 /* NavigationBar.swift in Sources */,
				5D887F342A247D81004CC7C9 /* ProfileView2.swift in Sources */,
				5D7D881D2A21DD4E002EB03D /* WalletActivities.swift in Sources */,
				5D7E92A22A10BE3600069E06 /* WelcomView.swift in Sources */,
				5D8EF6A12A1124630000B894 /* DiscoverView.swift in Sources */,
				5D7E35AF2A0A84C700AB3BE9 /* ChinChinApp.swift in Sources */,
				5D7E35BD2A0A8B7200AB3BE9 /* SwiftUIView.swift in Sources */,
				5D5B27B82A12922500EA6BC9 /* SettingsView.swift in Sources */,
			);
			runOnlyForDeploymentPostprocessing = 0;
		};
/* End PBXSourcesBuildPhase section */

/* Begin PBXVariantGroup section */
		8E984FC92A0B8456007EE865 /* giphy360p.mp4 */ = {
			isa = PBXVariantGroup;
			children = (
				8E984FC82A0B8456007EE865 /* Base */,
				8E984FCA2A0B84B9007EE865 /* en */,
			);
			name = giphy360p.mp4;
			sourceTree = "<group>";
		};
/* End PBXVariantGroup section */

/* Begin XCBuildConfiguration section */
		5D7E35B72A0A84CB00AB3BE9 /* Debug */ = {
			isa = XCBuildConfiguration;
			buildSettings = {
				ALWAYS_SEARCH_USER_PATHS = NO;
				CLANG_ANALYZER_NONNULL = YES;
				CLANG_ANALYZER_NUMBER_OBJECT_CONVERSION = YES_AGGRESSIVE;
				CLANG_CXX_LANGUAGE_STANDARD = "gnu++17";
				CLANG_ENABLE_MODULES = YES;
				CLANG_ENABLE_OBJC_ARC = YES;
				CLANG_ENABLE_OBJC_WEAK = YES;
				CLANG_WARN_BLOCK_CAPTURE_AUTORELEASING = YES;
				CLANG_WARN_BOOL_CONVERSION = YES;
				CLANG_WARN_COMMA = YES;
				CLANG_WARN_CONSTANT_CONVERSION = YES;
				CLANG_WARN_DEPRECATED_OBJC_IMPLEMENTATIONS = YES;
				CLANG_WARN_DIRECT_OBJC_ISA_USAGE = YES_ERROR;
				CLANG_WARN_DOCUMENTATION_COMMENTS = YES;
				CLANG_WARN_EMPTY_BODY = YES;
				CLANG_WARN_ENUM_CONVERSION = YES;
				CLANG_WARN_INFINITE_RECURSION = YES;
				CLANG_WARN_INT_CONVERSION = YES;
				CLANG_WARN_NON_LITERAL_NULL_CONVERSION = YES;
				CLANG_WARN_OBJC_IMPLICIT_RETAIN_SELF = YES;
				CLANG_WARN_OBJC_LITERAL_CONVERSION = YES;
				CLANG_WARN_OBJC_ROOT_CLASS = YES_ERROR;
				CLANG_WARN_QUOTED_INCLUDE_IN_FRAMEWORK_HEADER = YES;
				CLANG_WARN_RANGE_LOOP_ANALYSIS = YES;
				CLANG_WARN_STRICT_PROTOTYPES = YES;
				CLANG_WARN_SUSPICIOUS_MOVE = YES;
				CLANG_WARN_UNGUARDED_AVAILABILITY = YES_AGGRESSIVE;
				CLANG_WARN_UNREACHABLE_CODE = YES;
				CLANG_WARN__DUPLICATE_METHOD_MATCH = YES;
				COPY_PHASE_STRIP = NO;
				DEBUG_INFORMATION_FORMAT = dwarf;
				ENABLE_STRICT_OBJC_MSGSEND = YES;
				ENABLE_TESTABILITY = YES;
				GCC_C_LANGUAGE_STANDARD = gnu11;
				GCC_DYNAMIC_NO_PIC = NO;
				GCC_NO_COMMON_BLOCKS = YES;
				GCC_OPTIMIZATION_LEVEL = 0;
				GCC_PREPROCESSOR_DEFINITIONS = (
					"DEBUG=1",
					"$(inherited)",
				);
				GCC_WARN_64_TO_32_BIT_CONVERSION = YES;
				GCC_WARN_ABOUT_RETURN_TYPE = YES_ERROR;
				GCC_WARN_UNDECLARED_SELECTOR = YES;
				GCC_WARN_UNINITIALIZED_AUTOS = YES_AGGRESSIVE;
				GCC_WARN_UNUSED_FUNCTION = YES;
				GCC_WARN_UNUSED_VARIABLE = YES;
				IPHONEOS_DEPLOYMENT_TARGET = 15.5;
				MTL_ENABLE_DEBUG_INFO = INCLUDE_SOURCE;
				MTL_FAST_MATH = YES;
				ONLY_ACTIVE_ARCH = YES;
				SDKROOT = iphoneos;
				SWIFT_ACTIVE_COMPILATION_CONDITIONS = DEBUG;
				SWIFT_OPTIMIZATION_LEVEL = "-Onone";
			};
			name = Debug;
		};
		5D7E35B82A0A84CB00AB3BE9 /* Release */ = {
			isa = XCBuildConfiguration;
			buildSettings = {
				ALWAYS_SEARCH_USER_PATHS = NO;
				CLANG_ANALYZER_NONNULL = YES;
				CLANG_ANALYZER_NUMBER_OBJECT_CONVERSION = YES_AGGRESSIVE;
				CLANG_CXX_LANGUAGE_STANDARD = "gnu++17";
				CLANG_ENABLE_MODULES = YES;
				CLANG_ENABLE_OBJC_ARC = YES;
				CLANG_ENABLE_OBJC_WEAK = YES;
				CLANG_WARN_BLOCK_CAPTURE_AUTORELEASING = YES;
				CLANG_WARN_BOOL_CONVERSION = YES;
				CLANG_WARN_COMMA = YES;
				CLANG_WARN_CONSTANT_CONVERSION = YES;
				CLANG_WARN_DEPRECATED_OBJC_IMPLEMENTATIONS = YES;
				CLANG_WARN_DIRECT_OBJC_ISA_USAGE = YES_ERROR;
				CLANG_WARN_DOCUMENTATION_COMMENTS = YES;
				CLANG_WARN_EMPTY_BODY = YES;
				CLANG_WARN_ENUM_CONVERSION = YES;
				CLANG_WARN_INFINITE_RECURSION = YES;
				CLANG_WARN_INT_CONVERSION = YES;
				CLANG_WARN_NON_LITERAL_NULL_CONVERSION = YES;
				CLANG_WARN_OBJC_IMPLICIT_RETAIN_SELF = YES;
				CLANG_WARN_OBJC_LITERAL_CONVERSION = YES;
				CLANG_WARN_OBJC_ROOT_CLASS = YES_ERROR;
				CLANG_WARN_QUOTED_INCLUDE_IN_FRAMEWORK_HEADER = YES;
				CLANG_WARN_RANGE_LOOP_ANALYSIS = YES;
				CLANG_WARN_STRICT_PROTOTYPES = YES;
				CLANG_WARN_SUSPICIOUS_MOVE = YES;
				CLANG_WARN_UNGUARDED_AVAILABILITY = YES_AGGRESSIVE;
				CLANG_WARN_UNREACHABLE_CODE = YES;
				CLANG_WARN__DUPLICATE_METHOD_MATCH = YES;
				COPY_PHASE_STRIP = NO;
				DEBUG_INFORMATION_FORMAT = "dwarf-with-dsym";
				ENABLE_NS_ASSERTIONS = NO;
				ENABLE_STRICT_OBJC_MSGSEND = YES;
				GCC_C_LANGUAGE_STANDARD = gnu11;
				GCC_NO_COMMON_BLOCKS = YES;
				GCC_WARN_64_TO_32_BIT_CONVERSION = YES;
				GCC_WARN_ABOUT_RETURN_TYPE = YES_ERROR;
				GCC_WARN_UNDECLARED_SELECTOR = YES;
				GCC_WARN_UNINITIALIZED_AUTOS = YES_AGGRESSIVE;
				GCC_WARN_UNUSED_FUNCTION = YES;
				GCC_WARN_UNUSED_VARIABLE = YES;
				IPHONEOS_DEPLOYMENT_TARGET = 15.5;
				MTL_ENABLE_DEBUG_INFO = NO;
				MTL_FAST_MATH = YES;
				SDKROOT = iphoneos;
				SWIFT_COMPILATION_MODE = wholemodule;
				SWIFT_OPTIMIZATION_LEVEL = "-O";
				VALIDATE_PRODUCT = YES;
			};
			name = Release;
		};
		5D7E35BA2A0A84CB00AB3BE9 /* Debug */ = {
			isa = XCBuildConfiguration;
			buildSettings = {
				ASSETCATALOG_COMPILER_APPICON_NAME = AppIcon;
				ASSETCATALOG_COMPILER_GLOBAL_ACCENT_COLOR_NAME = AccentColor;
				CODE_SIGN_STYLE = Automatic;
				CURRENT_PROJECT_VERSION = 1;
				DEVELOPMENT_ASSET_PATHS = "\"ChinChin/Preview Content\"";
				DEVELOPMENT_TEAM = D4U8K6KDST;
				ENABLE_PREVIEWS = YES;
				GENERATE_INFOPLIST_FILE = YES;
				INFOPLIST_FILE = ChinChin/Info.plist;
				INFOPLIST_KEY_CFBundleDisplayName = "";
				INFOPLIST_KEY_LSApplicationCategoryType = "";
				INFOPLIST_KEY_NFCReaderUsageDescription = "";
				INFOPLIST_KEY_UIApplicationSupportsIndirectInputEvents = YES;
				INFOPLIST_KEY_UILaunchScreen_Generation = YES;
				INFOPLIST_KEY_UISupportedInterfaceOrientations_iPad = "UIInterfaceOrientationPortrait UIInterfaceOrientationPortraitUpsideDown UIInterfaceOrientationLandscapeLeft UIInterfaceOrientationLandscapeRight";
				INFOPLIST_KEY_UISupportedInterfaceOrientations_iPhone = "UIInterfaceOrientationPortrait UIInterfaceOrientationLandscapeLeft UIInterfaceOrientationLandscapeRight";
				LD_RUNPATH_SEARCH_PATHS = (
					"$(inherited)",
					"@executable_path/Frameworks",
				);
				MARKETING_VERSION = 1.0;
				PRODUCT_BUNDLE_IDENTIFIER = com.trinh.ChinChin;
				PRODUCT_NAME = "$(TARGET_NAME)";
				SWIFT_EMIT_LOC_STRINGS = YES;
				SWIFT_VERSION = 5.0;
				TARGETED_DEVICE_FAMILY = "1,2";
			};
			name = Debug;
		};
		5D7E35BB2A0A84CB00AB3BE9 /* Release */ = {
			isa = XCBuildConfiguration;
			buildSettings = {
				ASSETCATALOG_COMPILER_APPICON_NAME = AppIcon;
				ASSETCATALOG_COMPILER_GLOBAL_ACCENT_COLOR_NAME = AccentColor;
				CODE_SIGN_STYLE = Automatic;
				CURRENT_PROJECT_VERSION = 1;
				DEVELOPMENT_ASSET_PATHS = "\"ChinChin/Preview Content\"";
				DEVELOPMENT_TEAM = D4U8K6KDST;
				ENABLE_PREVIEWS = YES;
				GENERATE_INFOPLIST_FILE = YES;
				INFOPLIST_FILE = ChinChin/Info.plist;
				INFOPLIST_KEY_CFBundleDisplayName = "";
				INFOPLIST_KEY_LSApplicationCategoryType = "";
				INFOPLIST_KEY_NFCReaderUsageDescription = "";
				INFOPLIST_KEY_UIApplicationSupportsIndirectInputEvents = YES;
				INFOPLIST_KEY_UILaunchScreen_Generation = YES;
				INFOPLIST_KEY_UISupportedInterfaceOrientations_iPad = "UIInterfaceOrientationPortrait UIInterfaceOrientationPortraitUpsideDown UIInterfaceOrientationLandscapeLeft UIInterfaceOrientationLandscapeRight";
				INFOPLIST_KEY_UISupportedInterfaceOrientations_iPhone = "UIInterfaceOrientationPortrait UIInterfaceOrientationLandscapeLeft UIInterfaceOrientationLandscapeRight";
				LD_RUNPATH_SEARCH_PATHS = (
					"$(inherited)",
					"@executable_path/Frameworks",
				);
				MARKETING_VERSION = 1.0;
				PRODUCT_BUNDLE_IDENTIFIER = com.trinh.ChinChin;
				PRODUCT_NAME = "$(TARGET_NAME)";
				SWIFT_EMIT_LOC_STRINGS = YES;
				SWIFT_VERSION = 5.0;
				TARGETED_DEVICE_FAMILY = "1,2";
			};
			name = Release;
		};
/* End XCBuildConfiguration section */

/* Begin XCConfigurationList section */
		5D7E35A62A0A84C700AB3BE9 /* Build configuration list for PBXProject "ChinChin" */ = {
			isa = XCConfigurationList;
			buildConfigurations = (
				5D7E35B72A0A84CB00AB3BE9 /* Debug */,
				5D7E35B82A0A84CB00AB3BE9 /* Release */,
			);
			defaultConfigurationIsVisible = 0;
			defaultConfigurationName = Release;
		};
		5D7E35B92A0A84CB00AB3BE9 /* Build configuration list for PBXNativeTarget "ChinChin" */ = {
			isa = XCConfigurationList;
			buildConfigurations = (
				5D7E35BA2A0A84CB00AB3BE9 /* Debug */,
				5D7E35BB2A0A84CB00AB3BE9 /* Release */,
			);
			defaultConfigurationIsVisible = 0;
			defaultConfigurationName = Release;
		};
/* End XCConfigurationList section */

/* Begin XCRemoteSwiftPackageReference section */
		5D3595672A0FF6AD0093C89D /* XCRemoteSwiftPackageReference "lottie-ios" */ = {
			isa = XCRemoteSwiftPackageReference;
			repositoryURL = "https://github.com/airbnb/lottie-ios.git";
			requirement = {
				kind = upToNextMajorVersion;
				minimumVersion = 4.0.0;
			};
		};
		5D5DEA842A262E67000C0019 /* XCRemoteSwiftPackageReference "SkeletonView" */ = {
			isa = XCRemoteSwiftPackageReference;
			repositoryURL = "https://github.com/Juanpe/SkeletonView.git";
			requirement = {
				kind = upToNextMajorVersion;
				minimumVersion = 1.0.0;
			};
		};
		5D5DEA872A263257000C0019 /* XCRemoteSwiftPackageReference "SkeletonUI" */ = {
			isa = XCRemoteSwiftPackageReference;
			repositoryURL = "https://github.com/CSolanaM/SkeletonUI.git";
			requirement = {
				kind = upToNextMajorVersion;
				minimumVersion = 1.0.0;
			};
		};
		5D7E92A72A10DBE100069E06 /* XCRemoteSwiftPackageReference "Snappable" */ = {
			isa = XCRemoteSwiftPackageReference;
			repositoryURL = "https://github.com/hugehoge/Snappable";
			requirement = {
				branch = main;
				kind = branch;
			};
		};
		5D7E92AA2A10E03E00069E06 /* XCRemoteSwiftPackageReference "CollectionViewPagingLayout" */ = {
			isa = XCRemoteSwiftPackageReference;
			repositoryURL = "https://github.com/amirdew/CollectionViewPagingLayout.git";
			requirement = {
				branch = master;
				kind = branch;
			};
		};
/* End XCRemoteSwiftPackageReference section */

/* Begin XCSwiftPackageProductDependency section */
		5D3595682A0FF6AD0093C89D /* Lottie */ = {
			isa = XCSwiftPackageProductDependency;
			package = 5D3595672A0FF6AD0093C89D /* XCRemoteSwiftPackageReference "lottie-ios" */;
			productName = Lottie;
		};
		5D5DEA852A262E67000C0019 /* SkeletonView */ = {
			isa = XCSwiftPackageProductDependency;
			package = 5D5DEA842A262E67000C0019 /* XCRemoteSwiftPackageReference "SkeletonView" */;
			productName = SkeletonView;
		};
		5D5DEA882A263257000C0019 /* SkeletonUI */ = {
			isa = XCSwiftPackageProductDependency;
			package = 5D5DEA872A263257000C0019 /* XCRemoteSwiftPackageReference "SkeletonUI" */;
			productName = SkeletonUI;
		};
		5D7E92A82A10DBE100069E06 /* Snappable */ = {
			isa = XCSwiftPackageProductDependency;
			package = 5D7E92A72A10DBE100069E06 /* XCRemoteSwiftPackageReference "Snappable" */;
			productName = Snappable;
		};
		5D7E92AB2A10E03E00069E06 /* CollectionViewPagingLayout */ = {
			isa = XCSwiftPackageProductDependency;
			package = 5D7E92AA2A10E03E00069E06 /* XCRemoteSwiftPackageReference "CollectionViewPagingLayout" */;
			productName = CollectionViewPagingLayout;
		};
/* End XCSwiftPackageProductDependency section */
	};
	rootObject = 5D7E35A32A0A84C700AB3BE9 /* Project object */;
}
